
Microsoft Visual Studio Solution File, Format Version 12.00
# Visual Studio Version 16
VisualStudioVersion = 16.0.30225.117
MinimumVisualStudioVersion = 10.0.40219.1
Project("{9A19103F-16F7-4668-BE54-9A1E7A4F7556}") = "TorrentClient", "TorrentClient\TorrentClient.csproj", "{5C1F9155-4E73-4278-B64C-3DFD264800DA}"
EndProject
Project("{9A19103F-16F7-4668-BE54-9A1E7A4F7556}") = "TorrentClientApp", "TorrentClientApp\TorrentClientApp.csproj", "{C4F2E7D2-8510-49F2-9858-A1A4CD389D1D}"
EndProject
Project("{9A19103F-16F7-4668-BE54-9A1E7A4F7556}") = "TorrentClientTest", "..\Test\TorrentClientTest\TorrentClientTest.csproj", "{101D0A7B-E481-4338-86B1-056A79C5AF76}"
EndProject
Global
	GlobalSection(SolutionConfigurationPlatforms) = preSolution
		Debug|Any CPU = Debug|Any CPU
		Release|Any CPU = Release|Any CPU
	EndGlobalSection
	GlobalSection(ProjectConfigurationPlatforms) = postSolution
		{5C1F9155-4E73-4278-B64C-3DFD264800DA}.Debug|Any CPU.ActiveCfg = Debug|Any CPU
		{5C1F9155-4E73-4278-B64C-3DFD264800DA}.Debug|Any CPU.Build.0 = Debug|Any CPU
		{5C1F9155-4E73-4278-B64C-3DFD264800DA}.Release|Any CPU.ActiveCfg = Release|Any CPU
		{5C1F9155-4E73-4278-B64C-3DFD264800DA}.Release|Any CPU.Build.0 = Release|Any CPU
		{C4F2E7D2-8510-49F2-9858-A1A4CD389D1D}.Debug|Any CPU.ActiveCfg = Debug|Any CPU
		{C4F2E7D2-8510-49F2-9858-A1A4CD389D1D}.Debug|Any CPU.Build.0 = Debug|Any CPU
		{C4F2E7D2-8510-49F2-9858-A1A4CD389D1D}.Release|Any CPU.ActiveCfg = Release|Any CPU
		{C4F2E7D2-8510-49F2-9858-A1A4CD389D1D}.Release|Any CPU.Build.0 = Release|Any CPU
		{101D0A7B-E481-4338-86B1-056A79C5AF76}.Debug|Any CPU.ActiveCfg = Debug|Any CPU
		{101D0A7B-E481-4338-86B1-056A79C5AF76}.Debug|Any CPU.Build.0 = Debug|Any CPU
		{101D0A7B-E481-4338-86B1-056A79C5AF76}.Release|Any CPU.ActiveCfg = Release|Any CPU
		{101D0A7B-E481-4338-86B1-056A79C5AF76}.Release|Any CPU.Build.0 = Release|Any CPU
	EndGlobalSection
	GlobalSection(SolutionProperties) = preSolution
		HideSolutionNode = FALSE
	EndGlobalSection
	GlobalSection(ExtensibilityGlobals) = postSolution
		SolutionGuid = {1CF764CD-A362-4FD1-9E2F-1D33D5E17802}
	EndGlobalSection
EndGlobal
